// !$*UTF8*$!
{
	archiveVersion = 1;
	classes = {
	};
	objectVersion = 46;
	objects = {

/* Begin PBXBuildFile section */
		4B36E6FA197244670092EF47 /* Foundation.framework in Frameworks */ = {isa = PBXBuildFile; fileRef = 4B36E6F9197244670092EF47 /* Foundation.framework */; };
		4B36E6FC197244670092EF47 /* CoreGraphics.framework in Frameworks */ = {isa = PBXBuildFile; fileRef = 4B36E6FB197244670092EF47 /* CoreGraphics.framework */; };
		4B36E6FE197244670092EF47 /* UIKit.framework in Frameworks */ = {isa = PBXBuildFile; fileRef = 4B36E6FD197244670092EF47 /* UIKit.framework */; };
		4B36E704197244670092EF47 /* InfoPlist.strings in Resources */ = {isa = PBXBuildFile; fileRef = 4B36E702197244670092EF47 /* InfoPlist.strings */; };
		4B36E706197244670092EF47 /* main.m in Sources */ = {isa = PBXBuildFile; fileRef = 4B36E705197244670092EF47 /* main.m */; };
		4B36E70A197244670092EF47 /* GravityAppDelegate.m in Sources */ = {isa = PBXBuildFile; fileRef = 4B36E709197244670092EF47 /* GravityAppDelegate.m */; };
		4B36E70D197244670092EF47 /* Main.storyboard in Resources */ = {isa = PBXBuildFile; fileRef = 4B36E70B197244670092EF47 /* Main.storyboard */; };
		4B36E710197244670092EF47 /* GravityViewController.m in Sources */ = {isa = PBXBuildFile; fileRef = 4B36E70F197244670092EF47 /* GravityViewController.m */; };
		4B36E712197244670092EF47 /* Images.xcassets in Resources */ = {isa = PBXBuildFile; fileRef = 4B36E711197244670092EF47 /* Images.xcassets */; };
		4B36E719197244670092EF47 /* XCTest.framework in Frameworks */ = {isa = PBXBuildFile; fileRef = 4B36E718197244670092EF47 /* XCTest.framework */; };
		4B36E71A197244670092EF47 /* Foundation.framework in Frameworks */ = {isa = PBXBuildFile; fileRef = 4B36E6F9197244670092EF47 /* Foundation.framework */; };
		4B36E71B197244670092EF47 /* UIKit.framework in Frameworks */ = {isa = PBXBuildFile; fileRef = 4B36E6FD197244670092EF47 /* UIKit.framework */; };
		4B36E723197244670092EF47 /* InfoPlist.strings in Resources */ = {isa = PBXBuildFile; fileRef = 4B36E721197244670092EF47 /* InfoPlist.strings */; };
		4B36E725197244670092EF47 /* UIKit_DynamicsTests.m in Sources */ = {isa = PBXBuildFile; fileRef = 4B36E724197244670092EF47 /* UIKit_DynamicsTests.m */; };
		4B36E73219724DF90092EF47 /* GravityWithCollisionViewController.m in Sources */ = {isa = PBXBuildFile; fileRef = 4B36E73119724DF90092EF47 /* GravityWithCollisionViewController.m */; };
		4B36E73B1972541A0092EF47 /* ItemPropertyViewController.m in Sources */ = {isa = PBXBuildFile; fileRef = 4B36E73A1972541A0092EF47 /* ItemPropertyViewController.m */; };
		4B36E73E19725A9F0092EF47 /* SnapViewController.m in Sources */ = {isa = PBXBuildFile; fileRef = 4B36E73D19725A9F0092EF47 /* SnapViewController.m */; };
		4B36E741197269B10092EF47 /* PushViewController.m in Sources */ = {isa = PBXBuildFile; fileRef = 4B36E740197269B10092EF47 /* PushViewController.m */; };
		4B656FDE1972707C00F1861A /* SpringAttachmentViewController.m in Sources */ = {isa = PBXBuildFile; fileRef = 4B656FDD1972707C00F1861A /* SpringAttachmentViewController.m */; };
		4B656FE01972718100F1861A /* Star.png in Resources */ = {isa = PBXBuildFile; fileRef = 4B656FDF1972718100F1861A /* Star.png */; };
		4B656FE21972720100F1861A /* Ball.png in Resources */ = {isa = PBXBuildFile; fileRef = 4B656FE11972720100F1861A /* Ball.png */; };
		4B656FE5197276A000F1861A /* BouncingSpringBehavior.m in Sources */ = {isa = PBXBuildFile; fileRef = 4B656FE4197276A000F1861A /* BouncingSpringBehavior.m */; };
/* End PBXBuildFile section */

/* Begin PBXContainerItemProxy section */
		4B36E71C197244670092EF47 /* PBXContainerItemProxy */ = {
			isa = PBXContainerItemProxy;
			containerPortal = 4B36E6EE197244670092EF47 /* Project object */;
			proxyType = 1;
			remoteGlobalIDString = 4B36E6F5197244670092EF47;
			remoteInfo = "UIKit-Dynamics";
		};
/* End PBXContainerItemProxy section */

/* Begin PBXFileReference section */
		4B36E6F6197244670092EF47 /* UIKit-Dynamics.app */ = {isa = PBXFileReference; explicitFileType = wrapper.application; includeInIndex = 0; path = "UIKit-Dynamics.app"; sourceTree = BUILT_PRODUCTS_DIR; };
		4B36E6F9197244670092EF47 /* Foundation.framework */ = {isa = PBXFileReference; lastKnownFileType = wrapper.framework; name = Foundation.framework; path = System/Library/Frameworks/Foundation.framework; sourceTree = SDKROOT; };
		4B36E6FB197244670092EF47 /* CoreGraphics.framework */ = {isa = PBXFileReference; lastKnownFileType = wrapper.framework; name = CoreGraphics.framework; path = System/Library/Frameworks/CoreGraphics.framework; sourceTree = SDKROOT; };
		4B36E6FD197244670092EF47 /* UIKit.framework */ = {isa = PBXFileReference; lastKnownFileType = wrapper.framework; name = UIKit.framework; path = System/Library/Frameworks/UIKit.framework; sourceTree = SDKROOT; };
		4B36E701197244670092EF47 /* UIKit-Dynamics-Info.plist */ = {isa = PBXFileReference; lastKnownFileType = text.plist.xml; path = "UIKit-Dynamics-Info.plist"; sourceTree = "<group>"; };
		4B36E703197244670092EF47 /* en */ = {isa = PBXFileReference; lastKnownFileType = text.plist.strings; name = en; path = en.lproj/InfoPlist.strings; sourceTree = "<group>"; };
		4B36E705197244670092EF47 /* main.m */ = {isa = PBXFileReference; lastKnownFileType = sourcecode.c.objc; path = main.m; sourceTree = "<group>"; };
		4B36E707197244670092EF47 /* UIKit-Dynamics-Prefix.pch */ = {isa = PBXFileReference; lastKnownFileType = sourcecode.c.h; path = "UIKit-Dynamics-Prefix.pch"; sourceTree = "<group>"; };
		4B36E708197244670092EF47 /* GravityAppDelegate.h */ = {isa = PBXFileReference; lastKnownFileType = sourcecode.c.h; path = GravityAppDelegate.h; sourceTree = "<group>"; };
		4B36E709197244670092EF47 /* GravityAppDelegate.m */ = {isa = PBXFileReference; lastKnownFileType = sourcecode.c.objc; path = GravityAppDelegate.m; sourceTree = "<group>"; };
		4B36E70C197244670092EF47 /* Base */ = {isa = PBXFileReference; lastKnownFileType = file.storyboard; name = Base; path = Base.lproj/Main.storyboard; sourceTree = "<group>"; };
		4B36E70E197244670092EF47 /* GravityViewController.h */ = {isa = PBXFileReference; lastKnownFileType = sourcecode.c.h; path = GravityViewController.h; sourceTree = "<group>"; };
		4B36E70F197244670092EF47 /* GravityViewController.m */ = {isa = PBXFileReference; lastKnownFileType = sourcecode.c.objc; path = GravityViewController.m; sourceTree = "<group>"; };
		4B36E711197244670092EF47 /* Images.xcassets */ = {isa = PBXFileReference; lastKnownFileType = folder.assetcatalog; path = Images.xcassets; sourceTree = "<group>"; };
		4B36E717197244670092EF47 /* UIKit-DynamicsTests.xctest */ = {isa = PBXFileReference; explicitFileType = wrapper.cfbundle; includeInIndex = 0; path = "UIKit-DynamicsTests.xctest"; sourceTree = BUILT_PRODUCTS_DIR; };
		4B36E718197244670092EF47 /* XCTest.framework */ = {isa = PBXFileReference; lastKnownFileType = wrapper.framework; name = XCTest.framework; path = Library/Frameworks/XCTest.framework; sourceTree = DEVELOPER_DIR; };
		4B36E720197244670092EF47 /* UIKit-DynamicsTests-Info.plist */ = {isa = PBXFileReference; lastKnownFileType = text.plist.xml; path = "UIKit-DynamicsTests-Info.plist"; sourceTree = "<group>"; };
		4B36E722197244670092EF47 /* en */ = {isa = PBXFileReference; lastKnownFileType = text.plist.strings; name = en; path = en.lproj/InfoPlist.strings; sourceTree = "<group>"; };
		4B36E724197244670092EF47 /* UIKit_DynamicsTests.m */ = {isa = PBXFileReference; lastKnownFileType = sourcecode.c.objc; path = UIKit_DynamicsTests.m; sourceTree = "<group>"; };
		4B36E73019724DF90092EF47 /* GravityWithCollisionViewController.h */ = {isa = PBXFileReference; fileEncoding = 4; lastKnownFileType = sourcecode.c.h; path = GravityWithCollisionViewController.h; sourceTree = "<group>"; };
		4B36E73119724DF90092EF47 /* GravityWithCollisionViewController.m */ = {isa = PBXFileReference; fileEncoding = 4; lastKnownFileType = sourcecode.c.objc; path = GravityWithCollisionViewController.m; sourceTree = "<group>"; };
		4B36E7391972541A0092EF47 /* ItemPropertyViewController.h */ = {isa = PBXFileReference; fileEncoding = 4; lastKnownFileType = sourcecode.c.h; path = ItemPropertyViewController.h; sourceTree = "<group>"; };
		4B36E73A1972541A0092EF47 /* ItemPropertyViewController.m */ = {isa = PBXFileReference; fileEncoding = 4; lastKnownFileType = sourcecode.c.objc; path = ItemPropertyViewController.m; sourceTree = "<group>"; };
		4B36E73C19725A9F0092EF47 /* SnapViewController.h */ = {isa = PBXFileReference; fileEncoding = 4; lastKnownFileType = sourcecode.c.h; path = SnapViewController.h; sourceTree = "<group>"; };
		4B36E73D19725A9F0092EF47 /* SnapViewController.m */ = {isa = PBXFileReference; fileEncoding = 4; lastKnownFileType = sourcecode.c.objc; path = SnapViewController.m; sourceTree = "<group>"; };
		4B36E73F197269B10092EF47 /* PushViewController.h */ = {isa = PBXFileReference; fileEncoding = 4; lastKnownFileType = sourcecode.c.h; path = PushViewController.h; sourceTree = "<group>"; };
		4B36E740197269B10092EF47 /* PushViewController.m */ = {isa = PBXFileReference; fileEncoding = 4; lastKnownFileType = sourcecode.c.objc; path = PushViewController.m; sourceTree = "<group>"; };
		4B656FDC1972707C00F1861A /* SpringAttachmentViewController.h */ = {isa = PBXFileReference; fileEncoding = 4; lastKnownFileType = sourcecode.c.h; path = SpringAttachmentViewController.h; sourceTree = "<group>"; };
		4B656FDD1972707C00F1861A /* SpringAttachmentViewController.m */ = {isa = PBXFileReference; fileEncoding = 4; lastKnownFileType = sourcecode.c.objc; path = SpringAttachmentViewController.m; sourceTree = "<group>"; };
		4B656FDF1972718100F1861A /* Star.png */ = {isa = PBXFileReference; lastKnownFileType = image.png; path = Star.png; sourceTree = "<group>"; };
		4B656FE11972720100F1861A /* Ball.png */ = {isa = PBXFileReference; lastKnownFileType = image.png; path = Ball.png; sourceTree = "<group>"; };
		4B656FE3197276A000F1861A /* BouncingSpringBehavior.h */ = {isa = PBXFileReference; fileEncoding = 4; lastKnownFileType = sourcecode.c.h; path = BouncingSpringBehavior.h; sourceTree = "<group>"; };
		4B656FE4197276A000F1861A /* BouncingSpringBehavior.m */ = {isa = PBXFileReference; fileEncoding = 4; lastKnownFileType = sourcecode.c.objc; path = BouncingSpringBehavior.m; sourceTree = "<group>"; };
/* End PBXFileReference section */

/* Begin PBXFrameworksBuildPhase section */
		4B36E6F3197244670092EF47 /* Frameworks */ = {
			isa = PBXFrameworksBuildPhase;
			buildActionMask = 2147483647;
			files = (
				4B36E6FC197244670092EF47 /* CoreGraphics.framework in Frameworks */,
				4B36E6FE197244670092EF47 /* UIKit.framework in Frameworks */,
				4B36E6FA197244670092EF47 /* Foundation.framework in Frameworks */,
			);
			runOnlyForDeploymentPostprocessing = 0;
		};
		4B36E714197244670092EF47 /* Frameworks */ = {
			isa = PBXFrameworksBuildPhase;
			buildActionMask = 2147483647;
			files = (
				4B36E719197244670092EF47 /* XCTest.framework in Frameworks */,
				4B36E71B197244670092EF47 /* UIKit.framework in Frameworks */,
				4B36E71A197244670092EF47 /* Foundation.framework in Frameworks */,
			);
			runOnlyForDeploymentPostprocessing = 0;
		};
/* End PBXFrameworksBuildPhase section */

/* Begin PBXGroup section */
		4B36E6ED197244670092EF47 = {
			isa = PBXGroup;
			children = (
				4B36E6FF197244670092EF47 /* UIKit-Dynamics */,
				4B36E71E197244670092EF47 /* UIKit-DynamicsTests */,
				4B36E6F8197244670092EF47 /* Frameworks */,
				4B36E6F7197244670092EF47 /* Products */,
			);
			sourceTree = "<group>";
		};
		4B36E6F7197244670092EF47 /* Products */ = {
			isa = PBXGroup;
			children = (
				4B36E6F6197244670092EF47 /* UIKit-Dynamics.app */,
				4B36E717197244670092EF47 /* UIKit-DynamicsTests.xctest */,
			);
			name = Products;
			sourceTree = "<group>";
		};
		4B36E6F8197244670092EF47 /* Frameworks */ = {
			isa = PBXGroup;
			children = (
				4B36E6F9197244670092EF47 /* Foundation.framework */,
				4B36E6FB197244670092EF47 /* CoreGraphics.framework */,
				4B36E6FD197244670092EF47 /* UIKit.framework */,
				4B36E718197244670092EF47 /* XCTest.framework */,
			);
			name = Frameworks;
			sourceTree = "<group>";
		};
		4B36E6FF197244670092EF47 /* UIKit-Dynamics */ = {
			isa = PBXGroup;
			children = (
				4B36E708197244670092EF47 /* GravityAppDelegate.h */,
				4B36E709197244670092EF47 /* GravityAppDelegate.m */,
				4B36E70B197244670092EF47 /* Main.storyboard */,
				4B656FE3197276A000F1861A /* BouncingSpringBehavior.h */,
				4B656FE4197276A000F1861A /* BouncingSpringBehavior.m */,
				4B656FDC1972707C00F1861A /* SpringAttachmentViewController.h */,
				4B656FDD1972707C00F1861A /* SpringAttachmentViewController.m */,
				4B36E73F197269B10092EF47 /* PushViewController.h */,
				4B36E740197269B10092EF47 /* PushViewController.m */,
				4B36E73C19725A9F0092EF47 /* SnapViewController.h */,
				4B36E73D19725A9F0092EF47 /* SnapViewController.m */,
				4B36E7391972541A0092EF47 /* ItemPropertyViewController.h */,
				4B36E73A1972541A0092EF47 /* ItemPropertyViewController.m */,
				4B36E70E197244670092EF47 /* GravityViewController.h */,
				4B36E70F197244670092EF47 /* GravityViewController.m */,
				4B36E73019724DF90092EF47 /* GravityWithCollisionViewController.h */,
				4B36E73119724DF90092EF47 /* GravityWithCollisionViewController.m */,
				4B656FDF1972718100F1861A /* Star.png */,
				4B656FE11972720100F1861A /* Ball.png */,
				4B36E711197244670092EF47 /* Images.xcassets */,
				4B36E700197244670092EF47 /* Supporting Files */,
			);
			path = "UIKit-Dynamics";
			sourceTree = "<group>";
		};
		4B36E700197244670092EF47 /* Supporting Files */ = {
			isa = PBXGroup;
			children = (
				4B36E701197244670092EF47 /* UIKit-Dynamics-Info.plist */,
				4B36E702197244670092EF47 /* InfoPlist.strings */,
				4B36E705197244670092EF47 /* main.m */,
				4B36E707197244670092EF47 /* UIKit-Dynamics-Prefix.pch */,
			);
			name = "Supporting Files";
			sourceTree = "<group>";
		};
		4B36E71E197244670092EF47 /* UIKit-DynamicsTests */ = {
			isa = PBXGroup;
			children = (
				4B36E724197244670092EF47 /* UIKit_DynamicsTests.m */,
				4B36E71F197244670092EF47 /* Supporting Files */,
			);
			path = "UIKit-DynamicsTests";
			sourceTree = "<group>";
		};
		4B36E71F197244670092EF47 /* Supporting Files */ = {
			isa = PBXGroup;
			children = (
				4B36E720197244670092EF47 /* UIKit-DynamicsTests-Info.plist */,
				4B36E721197244670092EF47 /* InfoPlist.strings */,
			);
			name = "Supporting Files";
			sourceTree = "<group>";
		};
/* End PBXGroup section */

/* Begin PBXNativeTarget section */
		4B36E6F5197244670092EF47 /* UIKit-Dynamics */ = {
			isa = PBXNativeTarget;
			buildConfigurationList = 4B36E728197244670092EF47 /* Build configuration list for PBXNativeTarget "UIKit-Dynamics" */;
			buildPhases = (
				4B36E6F2197244670092EF47 /* Sources */,
				4B36E6F3197244670092EF47 /* Frameworks */,
				4B36E6F4197244670092EF47 /* Resources */,
			);
			buildRules = (
			);
			dependencies = (
			);
			name = "UIKit-Dynamics";
			productName = "UIKit-Dynamics";
			productReference = 4B36E6F6197244670092EF47 /* UIKit-Dynamics.app */;
			productType = "com.apple.product-type.application";
		};
		4B36E716197244670092EF47 /* UIKit-DynamicsTests */ = {
			isa = PBXNativeTarget;
			buildConfigurationList = 4B36E72B197244670092EF47 /* Build configuration list for PBXNativeTarget "UIKit-DynamicsTests" */;
			buildPhases = (
				4B36E713197244670092EF47 /* Sources */,
				4B36E714197244670092EF47 /* Frameworks */,
				4B36E715197244670092EF47 /* Resources */,
			);
			buildRules = (
			);
			dependencies = (
				4B36E71D197244670092EF47 /* PBXTargetDependency */,
			);
			name = "UIKit-DynamicsTests";
			productName = "UIKit-DynamicsTests";
			productReference = 4B36E717197244670092EF47 /* UIKit-DynamicsTests.xctest */;
			productType = "com.apple.product-type.bundle.unit-test";
		};
/* End PBXNativeTarget section */

/* Begin PBXProject section */
		4B36E6EE197244670092EF47 /* Project object */ = {
			isa = PBXProject;
			attributes = {
				CLASSPREFIX = Gravity;
				LastUpgradeCheck = 0510;
				ORGANIZATIONNAME = "liu xin";
				TargetAttributes = {
					4B36E716197244670092EF47 = {
						TestTargetID = 4B36E6F5197244670092EF47;
					};
				};
			};
			buildConfigurationList = 4B36E6F1197244670092EF47 /* Build configuration list for PBXProject "UIKit-Dynamics" */;
			compatibilityVersion = "Xcode 3.2";
			developmentRegion = English;
			hasScannedForEncodings = 0;
			knownRegions = (
				en,
				Base,
			);
			mainGroup = 4B36E6ED197244670092EF47;
			productRefGroup = 4B36E6F7197244670092EF47 /* Products */;
			projectDirPath = "";
			projectRoot = "";
			targets = (
				4B36E6F5197244670092EF47 /* UIKit-Dynamics */,
				4B36E716197244670092EF47 /* UIKit-DynamicsTests */,
			);
		};
/* End PBXProject section */

/* Begin PBXResourcesBuildPhase section */
		4B36E6F4197244670092EF47 /* Resources */ = {
			isa = PBXResourcesBuildPhase;
			buildActionMask = 2147483647;
			files = (
				4B36E712197244670092EF47 /* Images.xcassets in Resources */,
				4B36E704197244670092EF47 /* InfoPlist.strings in Resources */,
				4B656FE21972720100F1861A /* Ball.png in Resources */,
				4B656FE01972718100F1861A /* Star.png in Resources */,
				4B36E70D197244670092EF47 /* Main.storyboard in Resources */,
			);
			runOnlyForDeploymentPostprocessing = 0;
		};
		4B36E715197244670092EF47 /* Resources */ = {
			isa = PBXResourcesBuildPhase;
			buildActionMask = 2147483647;
			files = (
				4B36E723197244670092EF47 /* InfoPlist.strings in Resources */,
			);
			runOnlyForDeploymentPostprocessing = 0;
		};
/* End PBXResourcesBuildPhase section */

/* Begin PBXSourcesBuildPhase section */
		4B36E6F2197244670092EF47 /* Sources */ = {
			isa = PBXSourcesBuildPhase;
			buildActionMask = 2147483647;
			files = (
				4B36E73219724DF90092EF47 /* GravityWithCollisionViewController.m in Sources */,
				4B656FE5197276A000F1861A /* BouncingSpringBehavior.m in Sources */,
				4B36E73B1972541A0092EF47 /* ItemPropertyViewController.m in Sources */,
				4B36E706197244670092EF47 /* main.m in Sources */,
				4B36E70A197244670092EF47 /* GravityAppDelegate.m in Sources */,
				4B656FDE1972707C00F1861A /* SpringAttachmentViewController.m in Sources */,
				4B36E73E19725A9F0092EF47 /* SnapViewController.m in Sources */,
				4B36E741197269B10092EF47 /* PushViewController.m in Sources */,
				4B36E710197244670092EF47 /* GravityViewController.m in Sources */,
			);
			runOnlyForDeploymentPostprocessing = 0;
		};
		4B36E713197244670092EF47 /* Sources */ = {
			isa = PBXSourcesBuildPhase;
			buildActionMask = 2147483647;
			files = (
				4B36E725197244670092EF47 /* UIKit_DynamicsTests.m in Sources */,
			);
			runOnlyForDeploymentPostprocessing = 0;
		};
/* End PBXSourcesBuildPhase section */

/* Begin PBXTargetDependency section */
		4B36E71D197244670092EF47 /* PBXTargetDependency */ = {
			isa = PBXTargetDependency;
			target = 4B36E6F5197244670092EF47 /* UIKit-Dynamics */;
			targetProxy = 4B36E71C197244670092EF47 /* PBXContainerItemProxy */;
		};
/* End PBXTargetDependency section */

/* Begin PBXVariantGroup section */
		4B36E702197244670092EF47 /* InfoPlist.strings */ = {
			isa = PBXVariantGroup;
			children = (
				4B36E703197244670092EF47 /* en */,
			);
			name = InfoPlist.strings;
			sourceTree = "<group>";
		};
		4B36E70B197244670092EF47 /* Main.storyboard */ = {
			isa = PBXVariantGroup;
			children = (
				4B36E70C197244670092EF47 /* Base */,
			);
			name = Main.storyboard;
			sourceTree = "<group>";
		};
		4B36E721197244670092EF47 /* InfoPlist.strings */ = {
			isa = PBXVariantGroup;
			children = (
				4B36E722197244670092EF47 /* en */,
			);
			name = InfoPlist.strings;
			sourceTree = "<group>";
		};
/* End PBXVariantGroup section */

/* Begin XCBuildConfiguration section */
		4B36E726197244670092EF47 /* Debug */ = {
			isa = XCBuildConfiguration;
			buildSettings = {
				ALWAYS_SEARCH_USER_PATHS = NO;
				CLANG_CXX_LANGUAGE_STANDARD = "gnu++0x";
				CLANG_CXX_LIBRARY = "libc++";
				CLANG_ENABLE_MODULES = YES;
				CLANG_ENABLE_OBJC_ARC = YES;
				CLANG_WARN_BOOL_CONVERSION = YES;
				CLANG_WARN_CONSTANT_CONVERSION = YES;
				CLANG_WARN_DIRECT_OBJC_ISA_USAGE = YES_ERROR;
				CLANG_WARN_EMPTY_BODY = YES;
				CLANG_WARN_ENUM_CONVERSION = YES;
				CLANG_WARN_INT_CONVERSION = YES;
				CLANG_WARN_OBJC_ROOT_CLASS = YES_ERROR;
				CLANG_WARN__DUPLICATE_METHOD_MATCH = YES;
				"CODE_SIGN_IDENTITY[sdk=iphoneos*]" = "iPhone Developer";
				COPY_PHASE_STRIP = NO;
				GCC_C_LANGUAGE_STANDARD = gnu99;
				GCC_DYNAMIC_NO_PIC = NO;
				GCC_OPTIMIZATION_LEVEL = 0;
				GCC_PREPROCESSOR_DEFINITIONS = (
					"DEBUG=1",
					"$(inherited)",
				);
				GCC_SYMBOLS_PRIVATE_EXTERN = NO;
				GCC_WARN_64_TO_32_BIT_CONVERSION = YES;
				GCC_WARN_ABOUT_RETURN_TYPE = YES_ERROR;
				GCC_WARN_UNDECLARED_SELECTOR = YES;
				GCC_WARN_UNINITIALIZED_AUTOS = YES_AGGRESSIVE;
				GCC_WARN_UNUSED_FUNCTION = YES;
				GCC_WARN_UNUSED_VARIABLE = YES;
				IPHONEOS_DEPLOYMENT_TARGET = 7.1;
				ONLY_ACTIVE_ARCH = YES;
				SDKROOT = iphoneos;
				TARGETED_DEVICE_FAMILY = 2;
			};
			name = Debug;
		};
		4B36E727197244670092EF47 /* Release */ = {
			isa = XCBuildConfiguration;
			buildSettings = {
				ALWAYS_SEARCH_USER_PATHS = NO;
				CLANG_CXX_LANGUAGE_STANDARD = "gnu++0x";
				CLANG_CXX_LIBRARY = "libc++";
				CLANG_ENABLE_MODULES = YES;
				CLANG_ENABLE_OBJC_ARC = YES;
				CLANG_WARN_BOOL_CONVERSION = YES;
				CLANG_WARN_CONSTANT_CONVERSION = YES;
				CLANG_WARN_DIRECT_OBJC_ISA_USAGE = YES_ERROR;
				CLANG_WARN_EMPTY_BODY = YES;
				CLANG_WARN_ENUM_CONVERSION = YES;
				CLANG_WARN_INT_CONVERSION = YES;
				CLANG_WARN_OBJC_ROOT_CLASS = YES_ERROR;
				CLANG_WARN__DUPLICATE_METHOD_MATCH = YES;
				"CODE_SIGN_IDENTITY[sdk=iphoneos*]" = "iPhone Developer";
				COPY_PHASE_STRIP = YES;
				ENABLE_NS_ASSERTIONS = NO;
				GCC_C_LANGUAGE_STANDARD = gnu99;
				GCC_WARN_64_TO_32_BIT_CONVERSION = YES;
				GCC_WARN_ABOUT_RETURN_TYPE = YES_ERROR;
				GCC_WARN_UNDECLARED_SELECTOR = YES;
				GCC_WARN_UNINITIALIZED_AUTOS = YES_AGGRESSIVE;
				GCC_WARN_UNUSED_FUNCTION = YES;
				GCC_WARN_UNUSED_VARIABLE = YES;
				IPHONEOS_DEPLOYMENT_TARGET = 7.1;
				SDKROOT = iphoneos;
				TARGETED_DEVICE_FAMILY = 2;
				VALIDATE_PRODUCT = YES;
			};
			name = Release;
		};
		4B36E729197244670092EF47 /* Debug */ = {
			isa = XCBuildConfiguration;
			buildSettings = {
				ASSETCATALOG_COMPILER_APPICON_NAME = AppIcon;
				ASSETCATALOG_COMPILER_LAUNCHIMAGE_NAME = LaunchImage;
				GCC_PRECOMPILE_PREFIX_HEADER = YES;
				GCC_PREFIX_HEADER = "UIKit-Dynamics/UIKit-Dynamics-Prefix.pch";
				INFOPLIST_FILE = "UIKit-Dynamics/UIKit-Dynamics-Info.plist";
				PRODUCT_NAME = "$(TARGET_NAME)";
				WRAPPER_EXTENSION = app;
			};
			name = Debug;
		};
		4B36E72A197244670092EF47 /* Release */ = {
			isa = XCBuildConfiguration;
			buildSettings = {
				ASSETCATALOG_COMPILER_APPICON_NAME = AppIcon;
				ASSETCATALOG_COMPILER_LAUNCHIMAGE_NAME = LaunchImage;
				GCC_PRECOMPILE_PREFIX_HEADER = YES;
				GCC_PREFIX_HEADER = "UIKit-Dynamics/UIKit-Dynamics-Prefix.pch";
				INFOPLIST_FILE = "UIKit-Dynamics/UIKit-Dynamics-Info.plist";
				PRODUCT_NAME = "$(TARGET_NAME)";
				WRAPPER_EXTENSION = app;
			};
			name = Release;
		};
		4B36E72C197244670092EF47 /* Debug */ = {
			isa = XCBuildConfiguration;
			buildSettings = {
				BUNDLE_LOADER = "$(BUILT_PRODUCTS_DIR)/UIKit-Dynamics.app/UIKit-Dynamics";
				FRAMEWORK_SEARCH_PATHS = (
					"$(SDKROOT)/Developer/Library/Frameworks",
					"$(inherited)",
					"$(DEVELOPER_FRAMEWORKS_DIR)",
				);
				GCC_PRECOMPILE_PREFIX_HEADER = YES;
				GCC_PREFIX_HEADER = "UIKit-Dynamics/UIKit-Dynamics-Prefix.pch";
				GCC_PREPROCESSOR_DEFINITIONS = (
					"DEBUG=1",
					"$(inherited)",
				);
				INFOPLIST_FILE = "UIKit-DynamicsTests/UIKit-DynamicsTests-Info.plist";
				PRODUCT_NAME = "$(TARGET_NAME)";
				TEST_HOST = "$(BUNDLE_LOADER)";
				WRAPPER_EXTENSION = xctest;
			};
			name = Debug;
		};
		4B36E72D197244670092EF47 /* Release */ = {
			isa = XCBuildConfiguration;
			buildSettings = {
				BUNDLE_LOADER = "$(BUILT_PRODUCTS_DIR)/UIKit-Dynamics.app/UIKit-Dynamics";
				FRAMEWORK_SEARCH_PATHS = (
					"$(SDKROOT)/Developer/Library/Frameworks",
					"$(inherited)",
					"$(DEVELOPER_FRAMEWORKS_DIR)",
				);
				GCC_PRECOMPILE_PREFIX_HEADER = YES;
				GCC_PREFIX_HEADER = "UIKit-Dynamics/UIKit-Dynamics-Prefix.pch";
				INFOPLIST_FILE = "UIKit-DynamicsTests/UIKit-DynamicsTests-Info.plist";
				PRODUCT_NAME = "$(TARGET_NAME)";
				TEST_HOST = "$(BUNDLE_LOADER)";
				WRAPPER_EXTENSION = xctest;
			};
			name = Release;
		};
/* End XCBuildConfiguration section */

/* Begin XCConfigurationList section */
		4B36E6F1197244670092EF47 /* Build configuration list for PBXProject "UIKit-Dynamics" */ = {
			isa = XCConfigurationList;
			buildConfigurations = (
				4B36E726197244670092EF47 /* Debug */,
				4B36E727197244670092EF47 /* Release */,
			);
			defaultConfigurationIsVisible = 0;
			defaultConfigurationName = Release;
		};
		4B36E728197244670092EF47 /* Build configuration list for PBXNativeTarget "UIKit-Dynamics" */ = {
			isa = XCConfigurationList;
			buildConfigurations = (
				4B36E729197244670092EF47 /* Debug */,
				4B36E72A197244670092EF47 /* Release */,
			);
			defaultConfigurationIsVisible = 0;
			defaultConfigurationName = Release;
		};
		4B36E72B197244670092EF47 /* Build configuration list for PBXNativeTarget "UIKit-DynamicsTests" */ = {
			isa = XCConfigurationList;
			buildConfigurations = (
				4B36E72C197244670092EF47 /* Debug */,
				4B36E72D197244670092EF47 /* Release */,
			);
			defaultConfigurationIsVisible = 0;
			defaultConfigurationName = Release;
		};
/* End XCConfigurationList section */
	};
	rootObject = 4B36E6EE197244670092EF47 /* Project object */;
}
